
Microsoft Visual Studio Solution File, Format Version 12.00
# Visual Studio Version 16
VisualStudioVersion = 16.0.33927.289
MinimumVisualStudioVersion = 10.0.40219.1
Project("{2150E333-8FDC-42A3-9474-1A3956D46DE8}") = "Task0", "Task0", "{25577369-2D6E-49DD-B2F0-F9A2AB6D7EED}"
EndProject
Project("{FAE04EC0-301F-11D3-BF4B-00C04F79EFBC}") = "Tyuiu.ShtolVA.Sprint0.Task0.V0", "Tyuiu.ShtolVA.Sprint0.Task0.V0\Tyuiu.ShtolVA.Sprint0.Task0.V0.csproj", "{B6B6CB8A-4DBA-4F3A-90DB-1CF6F84B3E5B}"
EndProject
Project("{2150E333-8FDC-42A3-9474-1A3956D46DE8}") = "Task1", "Task1", "{964DC213-9787-49EB-BB74-1F1DD0945EF7}"
EndProject
Project("{FAE04EC0-301F-11D3-BF4B-00C04F79EFBC}") = "Tyuiu.ShtolVA.Sprint0.Task1.V0", "Tyuiu.ShtolVA.Sprint0.Task1.V0\Tyuiu.ShtolVA.Sprint0.Task1.V0.csproj", "{FC5A418C-4913-453D-8770-01508DC3FCCF}"
EndProject
Project("{2150E333-8FDC-42A3-9474-1A3956D46DE8}") = "Task2", "Task2", "{482C434F-F144-421E-9630-E35EE58D3105}"
EndProject
Project("{FAE04EC0-301F-11D3-BF4B-00C04F79EFBC}") = "Tyuiu.ShtolVA.Sprint0.Task2.V0", "Tyuiu.ShtolVA.Sprint0.Task2.V0\Tyuiu.ShtolVA.Sprint0.Task2.V0.csproj", "{E7D18124-D403-4877-B155-4A424F3EC525}"
EndProject
Project("{FAE04EC0-301F-11D3-BF4B-00C04F79EFBC}") = "Tyuiu.ShtolVA.Sprint0.Task2.V0.Test", "Tyuiu.ShtolVA.Sprint0.Task2.V0.Test\Tyuiu.ShtolVA.Sprint0.Task2.V0.Test.csproj", "{7CDA736D-38D0-4D84-8A39-5553B5753EDC}"
EndProject
Project("{FAE04EC0-301F-11D3-BF4B-00C04F79EFBC}") = "Tyuiu.ShtolVA.Sprint0.Task2.V0.Lib", "Tyuiu.ShtolVA.Sprint0.Task2.V0.Lib\Tyuiu.ShtolVA.Sprint0.Task2.V0.Lib.csproj", "{6ECF759E-DE6D-452D-B205-0DF75B6F8888}"
EndProject
Project("{2150E333-8FDC-42A3-9474-1A3956D46DE8}") = "Task3", "Task3", "{25A633AC-6859-4214-8D4A-88D59ADB0CE8}"
EndProject
Project("{FAE04EC0-301F-11D3-BF4B-00C04F79EFBC}") = "Tyuiu.ShtolVA.Sprint0.Task3.V0", "Tyuiu.ShtolVA.Sprint0.Task3.V0\Tyuiu.ShtolVA.Sprint0.Task3.V0.csproj", "{425D3564-B41E-4BA5-A876-06C1185F9801}"
EndProject
Project("{FAE04EC0-301F-11D3-BF4B-00C04F79EFBC}") = "Tyuiu.ShtolVA.Sprint0.Task3.V0.Lib", "Tyuiu.ShtolVA.Sprint0.Task3.V0.Lib\Tyuiu.ShtolVA.Sprint0.Task3.V0.Lib.csproj", "{5DB15DCB-4EF2-4F48-A3D6-3C3D539855B3}"
EndProject
Project("{FAE04EC0-301F-11D3-BF4B-00C04F79EFBC}") = "Tyuiu.ShtolVA.Sprint0.Task3.V0.Test", "Tyuiu.ShtolVA.Sprint0.Task3.V0.Test\Tyuiu.ShtolVA.Sprint0.Task3.V0.Test.csproj", "{3E001E83-BFCE-4755-AFB4-13ADADE034D3}"
EndProject
Global
	GlobalSection(SolutionConfigurationPlatforms) = preSolution
		Debug|Any CPU = Debug|Any CPU
		Release|Any CPU = Release|Any CPU
	EndGlobalSection
	GlobalSection(ProjectConfigurationPlatforms) = postSolution
		{B6B6CB8A-4DBA-4F3A-90DB-1CF6F84B3E5B}.Debug|Any CPU.ActiveCfg = Debug|Any CPU
		{B6B6CB8A-4DBA-4F3A-90DB-1CF6F84B3E5B}.Debug|Any CPU.Build.0 = Debug|Any CPU
		{B6B6CB8A-4DBA-4F3A-90DB-1CF6F84B3E5B}.Release|Any CPU.ActiveCfg = Release|Any CPU
		{B6B6CB8A-4DBA-4F3A-90DB-1CF6F84B3E5B}.Release|Any CPU.Build.0 = Release|Any CPU
		{FC5A418C-4913-453D-8770-01508DC3FCCF}.Debug|Any CPU.ActiveCfg = Debug|Any CPU
		{FC5A418C-4913-453D-8770-01508DC3FCCF}.Debug|Any CPU.Build.0 = Debug|Any CPU
		{FC5A418C-4913-453D-8770-01508DC3FCCF}.Release|Any CPU.ActiveCfg = Release|Any CPU
		{FC5A418C-4913-453D-8770-01508DC3FCCF}.Release|Any CPU.Build.0 = Release|Any CPU
		{E7D18124-D403-4877-B155-4A424F3EC525}.Debug|Any CPU.ActiveCfg = Debug|Any CPU
		{E7D18124-D403-4877-B155-4A424F3EC525}.Debug|Any CPU.Build.0 = Debug|Any CPU
		{E7D18124-D403-4877-B155-4A424F3EC525}.Release|Any CPU.ActiveCfg = Release|Any CPU
		{E7D18124-D403-4877-B155-4A424F3EC525}.Release|Any CPU.Build.0 = Release|Any CPU
		{7CDA736D-38D0-4D84-8A39-5553B5753EDC}.Debug|Any CPU.ActiveCfg = Debug|Any CPU
		{7CDA736D-38D0-4D84-8A39-5553B5753EDC}.Debug|Any CPU.Build.0 = Debug|Any CPU
		{7CDA736D-38D0-4D84-8A39-5553B5753EDC}.Release|Any CPU.ActiveCfg = Release|Any CPU
		{7CDA736D-38D0-4D84-8A39-5553B5753EDC}.Release|Any CPU.Build.0 = Release|Any CPU
		{6ECF759E-DE6D-452D-B205-0DF75B6F8888}.Debug|Any CPU.ActiveCfg = Debug|Any CPU
		{6ECF759E-DE6D-452D-B205-0DF75B6F8888}.Debug|Any CPU.Build.0 = Debug|Any CPU
		{6ECF759E-DE6D-452D-B205-0DF75B6F8888}.Release|Any CPU.ActiveCfg = Release|Any CPU
		{6ECF759E-DE6D-452D-B205-0DF75B6F8888}.Release|Any CPU.Build.0 = Release|Any CPU
		{425D3564-B41E-4BA5-A876-06C1185F9801}.Debug|Any CPU.ActiveCfg = Debug|Any CPU
		{425D3564-B41E-4BA5-A876-06C1185F9801}.Debug|Any CPU.Build.0 = Debug|Any CPU
		{425D3564-B41E-4BA5-A876-06C1185F9801}.Release|Any CPU.ActiveCfg = Release|Any CPU
		{425D3564-B41E-4BA5-A876-06C1185F9801}.Release|Any CPU.Build.0 = Release|Any CPU
		{5DB15DCB-4EF2-4F48-A3D6-3C3D539855B3}.Debug|Any CPU.ActiveCfg = Debug|Any CPU
		{5DB15DCB-4EF2-4F48-A3D6-3C3D539855B3}.Debug|Any CPU.Build.0 = Debug|Any CPU
		{5DB15DCB-4EF2-4F48-A3D6-3C3D539855B3}.Release|Any CPU.ActiveCfg = Release|Any CPU
		{5DB15DCB-4EF2-4F48-A3D6-3C3D539855B3}.Release|Any CPU.Build.0 = Release|Any CPU
		{3E001E83-BFCE-4755-AFB4-13ADADE034D3}.Debug|Any CPU.ActiveCfg = Debug|Any CPU
		{3E001E83-BFCE-4755-AFB4-13ADADE034D3}.Debug|Any CPU.Build.0 = Debug|Any CPU
		{3E001E83-BFCE-4755-AFB4-13ADADE034D3}.Release|Any CPU.ActiveCfg = Release|Any CPU
		{3E001E83-BFCE-4755-AFB4-13ADADE034D3}.Release|Any CPU.Build.0 = Release|Any CPU
	EndGlobalSection
	GlobalSection(SolutionProperties) = preSolution
		HideSolutionNode = FALSE
	EndGlobalSection
	GlobalSection(NestedProjects) = preSolution
		{B6B6CB8A-4DBA-4F3A-90DB-1CF6F84B3E5B} = {25577369-2D6E-49DD-B2F0-F9A2AB6D7EED}
		{FC5A418C-4913-453D-8770-01508DC3FCCF} = {964DC213-9787-49EB-BB74-1F1DD0945EF7}
		{E7D18124-D403-4877-B155-4A424F3EC525} = {482C434F-F144-421E-9630-E35EE58D3105}
		{7CDA736D-38D0-4D84-8A39-5553B5753EDC} = {482C434F-F144-421E-9630-E35EE58D3105}
		{6ECF759E-DE6D-452D-B205-0DF75B6F8888} = {482C434F-F144-421E-9630-E35EE58D3105}
		{425D3564-B41E-4BA5-A876-06C1185F9801} = {25A633AC-6859-4214-8D4A-88D59ADB0CE8}
		{5DB15DCB-4EF2-4F48-A3D6-3C3D539855B3} = {25A633AC-6859-4214-8D4A-88D59ADB0CE8}
		{3E001E83-BFCE-4755-AFB4-13ADADE034D3} = {25A633AC-6859-4214-8D4A-88D59ADB0CE8}
	EndGlobalSection
	GlobalSection(ExtensibilityGlobals) = postSolution
		SolutionGuid = {2245D015-57AD-4588-9580-06DE2A34A744}
	EndGlobalSection
EndGlobal
